{
  "name": "ai-moderated-forum",
  "version": "1.0.0",
  "lockfileVersion": 3,
  "requires": true,
  "packages": {
    "": {
      "name": "ai-moderated-forum",
      "version": "1.0.0",
      "dependencies": {
        "@supabase/supabase-js": "^2.39.0",
        "busboy": "^1.6.0"
      }
    },
    "node_modules/@supabase/supabase-js": {
      "version": "2.39.0",
      "resolved": "https://registry.npmjs.org/@supabase/supabase-js/-/supabase-js-2.39.0.tgz",
      "integrity": "sha512-...",
      "dependencies": {
        "@supabase/postgrest-js": "^1.19.0",
        "gotrue-js": "^2.4.0"
      }
    },
    "node_modules/busboy": {
      "version": "1.6.0",
      "resolved": "https://registry.npmjs.org/busboy/-/busboy-1.6.0.tgz",
      "integrity": "sha512-..."
    }
  }
}
